// !$*UTF8*$!
{
	archiveVersion = 1;
	classes = {
	};
	objectVersion = 50;
	objects = {

/* Begin PBXBuildFile section */
		7468C782FA96ABCA270AC326 /* Pods_TalentIncubator.framework in Frameworks */ = {isa = PBXBuildFile; fileRef = 602756E4A401A1EC7B810B61 /* Pods_TalentIncubator.framework */; };
		8E2FE60E20C86DE0004419EF /* Request.swift in Sources */ = {isa = PBXBuildFile; fileRef = 8E2FE60D20C86DE0004419EF /* Request.swift */; };
		8E2FE61020C8723B004419EF /* EventsRequest.swift in Sources */ = {isa = PBXBuildFile; fileRef = 8E2FE60F20C8723B004419EF /* EventsRequest.swift */; };
		8EA8DD4520CAFE8E00C774C3 /* EventsViewModel.swift in Sources */ = {isa = PBXBuildFile; fileRef = 8EA8DD4420CAFE8E00C774C3 /* EventsViewModel.swift */; };
		8EB7D44D20C86881009AD0D1 /* AppDelegate.swift in Sources */ = {isa = PBXBuildFile; fileRef = 8EB7D44C20C86881009AD0D1 /* AppDelegate.swift */; };
		8EB7D44F20C86881009AD0D1 /* MapViewController.swift in Sources */ = {isa = PBXBuildFile; fileRef = 8EB7D44E20C86881009AD0D1 /* MapViewController.swift */; };
		8EB7D45220C86881009AD0D1 /* Main.storyboard in Resources */ = {isa = PBXBuildFile; fileRef = 8EB7D45020C86881009AD0D1 /* Main.storyboard */; };
		8EB7D45520C86882009AD0D1 /* TalentIncubator.xcdatamodeld in Sources */ = {isa = PBXBuildFile; fileRef = 8EB7D45320C86882009AD0D1 /* TalentIncubator.xcdatamodeld */; };
		8EB7D45720C86882009AD0D1 /* Assets.xcassets in Resources */ = {isa = PBXBuildFile; fileRef = 8EB7D45620C86882009AD0D1 /* Assets.xcassets */; };
		8EB7D45A20C86882009AD0D1 /* LaunchScreen.storyboard in Resources */ = {isa = PBXBuildFile; fileRef = 8EB7D45820C86882009AD0D1 /* LaunchScreen.storyboard */; };
		8EB7D46520C86883009AD0D1 /* TalentIncubatorTests.swift in Sources */ = {isa = PBXBuildFile; fileRef = 8EB7D46420C86883009AD0D1 /* TalentIncubatorTests.swift */; };
		8EED267C20C879BE00C80F78 /* EventResponseModel.swift in Sources */ = {isa = PBXBuildFile; fileRef = 8EED267B20C879BE00C80F78 /* EventResponseModel.swift */; };
		8EED267E20C87AFE00C80F78 /* VenueResponseModel.swift in Sources */ = {isa = PBXBuildFile; fileRef = 8EED267D20C87AFE00C80F78 /* VenueResponseModel.swift */; };
		8EED268020C89B4800C80F78 /* EventRepository.swift in Sources */ = {isa = PBXBuildFile; fileRef = 8EED267F20C89B4800C80F78 /* EventRepository.swift */; };
		BC480EAF29E27ED95B9897F8 /* Pods_TalentIncubatorTests.framework in Frameworks */ = {isa = PBXBuildFile; fileRef = 7D6E9F17B2C9501ED8438B7B /* Pods_TalentIncubatorTests.framework */; };
/* End PBXBuildFile section */

/* Begin PBXContainerItemProxy section */
		8EB7D46120C86883009AD0D1 /* PBXContainerItemProxy */ = {
			isa = PBXContainerItemProxy;
			containerPortal = 8EB7D44120C86881009AD0D1 /* Project object */;
			proxyType = 1;
			remoteGlobalIDString = 8EB7D44820C86881009AD0D1;
			remoteInfo = TalentIncubator;
		};
/* End PBXContainerItemProxy section */

/* Begin PBXFileReference section */
		2DF25E897C31701F21BE35B2 /* Pods-TalentIncubatorTests.debug.xcconfig */ = {isa = PBXFileReference; includeInIndex = 1; lastKnownFileType = text.xcconfig; name = "Pods-TalentIncubatorTests.debug.xcconfig"; path = "Pods/Target Support Files/Pods-TalentIncubatorTests/Pods-TalentIncubatorTests.debug.xcconfig"; sourceTree = "<group>"; };
		602756E4A401A1EC7B810B61 /* Pods_TalentIncubator.framework */ = {isa = PBXFileReference; explicitFileType = wrapper.framework; includeInIndex = 0; path = Pods_TalentIncubator.framework; sourceTree = BUILT_PRODUCTS_DIR; };
		6546A438FA30D5F13F33BF1F /* Pods-TalentIncubator.release.xcconfig */ = {isa = PBXFileReference; includeInIndex = 1; lastKnownFileType = text.xcconfig; name = "Pods-TalentIncubator.release.xcconfig"; path = "Pods/Target Support Files/Pods-TalentIncubator/Pods-TalentIncubator.release.xcconfig"; sourceTree = "<group>"; };
		7D6E9F17B2C9501ED8438B7B /* Pods_TalentIncubatorTests.framework */ = {isa = PBXFileReference; explicitFileType = wrapper.framework; includeInIndex = 0; path = Pods_TalentIncubatorTests.framework; sourceTree = BUILT_PRODUCTS_DIR; };
		8E2FE60D20C86DE0004419EF /* Request.swift */ = {isa = PBXFileReference; lastKnownFileType = sourcecode.swift; path = Request.swift; sourceTree = "<group>"; };
		8E2FE60F20C8723B004419EF /* EventsRequest.swift */ = {isa = PBXFileReference; lastKnownFileType = sourcecode.swift; path = EventsRequest.swift; sourceTree = "<group>"; };
		8EA8DD4420CAFE8E00C774C3 /* EventsViewModel.swift */ = {isa = PBXFileReference; lastKnownFileType = sourcecode.swift; path = EventsViewModel.swift; sourceTree = "<group>"; };
		8EB7D44920C86881009AD0D1 /* TalentIncubator.app */ = {isa = PBXFileReference; explicitFileType = wrapper.application; includeInIndex = 0; path = TalentIncubator.app; sourceTree = BUILT_PRODUCTS_DIR; };
		8EB7D44C20C86881009AD0D1 /* AppDelegate.swift */ = {isa = PBXFileReference; lastKnownFileType = sourcecode.swift; path = AppDelegate.swift; sourceTree = "<group>"; };
		8EB7D44E20C86881009AD0D1 /* MapViewController.swift */ = {isa = PBXFileReference; lastKnownFileType = sourcecode.swift; path = MapViewController.swift; sourceTree = "<group>"; };
		8EB7D45120C86881009AD0D1 /* Base */ = {isa = PBXFileReference; lastKnownFileType = file.storyboard; name = Base; path = Base.lproj/Main.storyboard; sourceTree = "<group>"; };
		8EB7D45420C86882009AD0D1 /* TalentIncubator.xcdatamodel */ = {isa = PBXFileReference; lastKnownFileType = wrapper.xcdatamodel; path = TalentIncubator.xcdatamodel; sourceTree = "<group>"; };
		8EB7D45620C86882009AD0D1 /* Assets.xcassets */ = {isa = PBXFileReference; lastKnownFileType = folder.assetcatalog; path = Assets.xcassets; sourceTree = "<group>"; };
		8EB7D45920C86882009AD0D1 /* Base */ = {isa = PBXFileReference; lastKnownFileType = file.storyboard; name = Base; path = Base.lproj/LaunchScreen.storyboard; sourceTree = "<group>"; };
		8EB7D45B20C86882009AD0D1 /* Info.plist */ = {isa = PBXFileReference; lastKnownFileType = text.plist.xml; path = Info.plist; sourceTree = "<group>"; };
		8EB7D46020C86883009AD0D1 /* TalentIncubatorTests.xctest */ = {isa = PBXFileReference; explicitFileType = wrapper.cfbundle; includeInIndex = 0; path = TalentIncubatorTests.xctest; sourceTree = BUILT_PRODUCTS_DIR; };
		8EB7D46420C86883009AD0D1 /* TalentIncubatorTests.swift */ = {isa = PBXFileReference; lastKnownFileType = sourcecode.swift; path = TalentIncubatorTests.swift; sourceTree = "<group>"; };
		8EB7D46620C86883009AD0D1 /* Info.plist */ = {isa = PBXFileReference; lastKnownFileType = text.plist.xml; path = Info.plist; sourceTree = "<group>"; };
		8EED267B20C879BE00C80F78 /* EventResponseModel.swift */ = {isa = PBXFileReference; lastKnownFileType = sourcecode.swift; path = EventResponseModel.swift; sourceTree = "<group>"; };
		8EED267D20C87AFE00C80F78 /* VenueResponseModel.swift */ = {isa = PBXFileReference; lastKnownFileType = sourcecode.swift; path = VenueResponseModel.swift; sourceTree = "<group>"; };
		8EED267F20C89B4800C80F78 /* EventRepository.swift */ = {isa = PBXFileReference; lastKnownFileType = sourcecode.swift; path = EventRepository.swift; sourceTree = "<group>"; };
		A728E4F232BE63884D0B5359 /* Pods-TalentIncubator.debug.xcconfig */ = {isa = PBXFileReference; includeInIndex = 1; lastKnownFileType = text.xcconfig; name = "Pods-TalentIncubator.debug.xcconfig"; path = "Pods/Target Support Files/Pods-TalentIncubator/Pods-TalentIncubator.debug.xcconfig"; sourceTree = "<group>"; };
		DA129BF0EBBDF7C77343BB81 /* Pods-TalentIncubatorTests.release.xcconfig */ = {isa = PBXFileReference; includeInIndex = 1; lastKnownFileType = text.xcconfig; name = "Pods-TalentIncubatorTests.release.xcconfig"; path = "Pods/Target Support Files/Pods-TalentIncubatorTests/Pods-TalentIncubatorTests.release.xcconfig"; sourceTree = "<group>"; };
/* End PBXFileReference section */

/* Begin PBXFrameworksBuildPhase section */
		8EB7D44620C86881009AD0D1 /* Frameworks */ = {
			isa = PBXFrameworksBuildPhase;
			buildActionMask = 2147483647;
			files = (
				7468C782FA96ABCA270AC326 /* Pods_TalentIncubator.framework in Frameworks */,
			);
			runOnlyForDeploymentPostprocessing = 0;
		};
		8EB7D45D20C86883009AD0D1 /* Frameworks */ = {
			isa = PBXFrameworksBuildPhase;
			buildActionMask = 2147483647;
			files = (
				BC480EAF29E27ED95B9897F8 /* Pods_TalentIncubatorTests.framework in Frameworks */,
			);
			runOnlyForDeploymentPostprocessing = 0;
		};
/* End PBXFrameworksBuildPhase section */

/* Begin PBXGroup section */
		2D02BA5CB5E597654E1C2552 /* Pods */ = {
			isa = PBXGroup;
			children = (
				A728E4F232BE63884D0B5359 /* Pods-TalentIncubator.debug.xcconfig */,
				6546A438FA30D5F13F33BF1F /* Pods-TalentIncubator.release.xcconfig */,
				2DF25E897C31701F21BE35B2 /* Pods-TalentIncubatorTests.debug.xcconfig */,
				DA129BF0EBBDF7C77343BB81 /* Pods-TalentIncubatorTests.release.xcconfig */,
			);
			name = Pods;
			sourceTree = "<group>";
		};
		8EB7D44020C86881009AD0D1 = {
			isa = PBXGroup;
			children = (
				8EB7D44B20C86881009AD0D1 /* TalentIncubator */,
				8EB7D46320C86883009AD0D1 /* TalentIncubatorTests */,
				8EB7D44A20C86881009AD0D1 /* Products */,
				2D02BA5CB5E597654E1C2552 /* Pods */,
				EB27CDB7D31E9140680CF8DA /* Frameworks */,
			);
			sourceTree = "<group>";
		};
		8EB7D44A20C86881009AD0D1 /* Products */ = {
			isa = PBXGroup;
			children = (
				8EB7D44920C86881009AD0D1 /* TalentIncubator.app */,
				8EB7D46020C86883009AD0D1 /* TalentIncubatorTests.xctest */,
			);
			name = Products;
			sourceTree = "<group>";
		};
		8EB7D44B20C86881009AD0D1 /* TalentIncubator */ = {
			isa = PBXGroup;
			children = (
				8EB7D47120C86B78009AD0D1 /* Network */,
				8EB7D47020C86B60009AD0D1 /* ViewModel */,
				8EB7D46F20C86B54009AD0D1 /* Models */,
				8EB7D44C20C86881009AD0D1 /* AppDelegate.swift */,
				8EB7D44E20C86881009AD0D1 /* MapViewController.swift */,
				8EB7D45020C86881009AD0D1 /* Main.storyboard */,
				8EB7D45620C86882009AD0D1 /* Assets.xcassets */,
				8EB7D45820C86882009AD0D1 /* LaunchScreen.storyboard */,
				8EB7D45B20C86882009AD0D1 /* Info.plist */,
				8EB7D45320C86882009AD0D1 /* TalentIncubator.xcdatamodeld */,
			);
			path = TalentIncubator;
			sourceTree = "<group>";
		};
		8EB7D46320C86883009AD0D1 /* TalentIncubatorTests */ = {
			isa = PBXGroup;
			children = (
				8EB7D46420C86883009AD0D1 /* TalentIncubatorTests.swift */,
				8EB7D46620C86883009AD0D1 /* Info.plist */,
			);
			path = TalentIncubatorTests;
			sourceTree = "<group>";
		};
		8EB7D46F20C86B54009AD0D1 /* Models */ = {
			isa = PBXGroup;
			children = (
				8EED267B20C879BE00C80F78 /* EventResponseModel.swift */,
				8EED267D20C87AFE00C80F78 /* VenueResponseModel.swift */,
			);
			path = Models;
			sourceTree = "<group>";
		};
		8EB7D47020C86B60009AD0D1 /* ViewModel */ = {
			isa = PBXGroup;
			children = (
				8EA8DD4420CAFE8E00C774C3 /* EventsViewModel.swift */,
			);
			path = ViewModel;
			sourceTree = "<group>";
		};
		8EB7D47120C86B78009AD0D1 /* Network */ = {
			isa = PBXGroup;
			children = (
				8E2FE60D20C86DE0004419EF /* Request.swift */,
				8E2FE60F20C8723B004419EF /* EventsRequest.swift */,
				8EED267F20C89B4800C80F78 /* EventRepository.swift */,
			);
			path = Network;
			sourceTree = "<group>";
		};
		EB27CDB7D31E9140680CF8DA /* Frameworks */ = {
			isa = PBXGroup;
			children = (
				602756E4A401A1EC7B810B61 /* Pods_TalentIncubator.framework */,
				7D6E9F17B2C9501ED8438B7B /* Pods_TalentIncubatorTests.framework */,
			);
			name = Frameworks;
			sourceTree = "<group>";
		};
/* End PBXGroup section */

/* Begin PBXNativeTarget section */
		8EB7D44820C86881009AD0D1 /* TalentIncubator */ = {
			isa = PBXNativeTarget;
			buildConfigurationList = 8EB7D46920C86883009AD0D1 /* Build configuration list for PBXNativeTarget "TalentIncubator" */;
			buildPhases = (
				A4EE585B03BB7B5F7022BA21 /* [CP] Check Pods Manifest.lock */,
				8EB7D44520C86881009AD0D1 /* Sources */,
				8EB7D44620C86881009AD0D1 /* Frameworks */,
				8EB7D44720C86881009AD0D1 /* Resources */,
				85A5060E363C12D2C9F34E6F /* [CP] Embed Pods Frameworks */,
			);
			buildRules = (
			);
			dependencies = (
			);
			name = TalentIncubator;
			productName = TalentIncubator;
			productReference = 8EB7D44920C86881009AD0D1 /* TalentIncubator.app */;
			productType = "com.apple.product-type.application";
		};
		8EB7D45F20C86883009AD0D1 /* TalentIncubatorTests */ = {
			isa = PBXNativeTarget;
			buildConfigurationList = 8EB7D46C20C86883009AD0D1 /* Build configuration list for PBXNativeTarget "TalentIncubatorTests" */;
			buildPhases = (
				06F244DB07D70608EB8F7320 /* [CP] Check Pods Manifest.lock */,
				8EB7D45C20C86883009AD0D1 /* Sources */,
				8EB7D45D20C86883009AD0D1 /* Frameworks */,
				8EB7D45E20C86883009AD0D1 /* Resources */,
			);
			buildRules = (
			);
			dependencies = (
				8EB7D46220C86883009AD0D1 /* PBXTargetDependency */,
			);
			name = TalentIncubatorTests;
			productName = TalentIncubatorTests;
			productReference = 8EB7D46020C86883009AD0D1 /* TalentIncubatorTests.xctest */;
			productType = "com.apple.product-type.bundle.unit-test";
		};
/* End PBXNativeTarget section */

/* Begin PBXProject section */
		8EB7D44120C86881009AD0D1 /* Project object */ = {
			isa = PBXProject;
			attributes = {
				LastSwiftUpdateCheck = 0930;
				LastUpgradeCheck = 0930;
				ORGANIZATIONNAME = "Israel Velazquez";
				TargetAttributes = {
					8EB7D44820C86881009AD0D1 = {
						CreatedOnToolsVersion = 9.3.1;
					};
					8EB7D45F20C86883009AD0D1 = {
						CreatedOnToolsVersion = 9.3.1;
						TestTargetID = 8EB7D44820C86881009AD0D1;
					};
				};
			};
			buildConfigurationList = 8EB7D44420C86881009AD0D1 /* Build configuration list for PBXProject "TalentIncubator" */;
			compatibilityVersion = "Xcode 9.3";
			developmentRegion = en;
			hasScannedForEncodings = 0;
			knownRegions = (
				en,
				Base,
			);
			mainGroup = 8EB7D44020C86881009AD0D1;
			productRefGroup = 8EB7D44A20C86881009AD0D1 /* Products */;
			projectDirPath = "";
			projectRoot = "";
			targets = (
				8EB7D44820C86881009AD0D1 /* TalentIncubator */,
				8EB7D45F20C86883009AD0D1 /* TalentIncubatorTests */,
			);
		};
/* End PBXProject section */

/* Begin PBXResourcesBuildPhase section */
		8EB7D44720C86881009AD0D1 /* Resources */ = {
			isa = PBXResourcesBuildPhase;
			buildActionMask = 2147483647;
			files = (
				8EB7D45A20C86882009AD0D1 /* LaunchScreen.storyboard in Resources */,
				8EB7D45720C86882009AD0D1 /* Assets.xcassets in Resources */,
				8EB7D45220C86881009AD0D1 /* Main.storyboard in Resources */,
			);
			runOnlyForDeploymentPostprocessing = 0;
		};
		8EB7D45E20C86883009AD0D1 /* Resources */ = {
			isa = PBXResourcesBuildPhase;
			buildActionMask = 2147483647;
			files = (
			);
			runOnlyForDeploymentPostprocessing = 0;
		};
/* End PBXResourcesBuildPhase section */

/* Begin PBXShellScriptBuildPhase section */
		06F244DB07D70608EB8F7320 /* [CP] Check Pods Manifest.lock */ = {
			isa = PBXShellScriptBuildPhase;
			buildActionMask = 2147483647;
			files = (
			);
			inputPaths = (
				"${PODS_PODFILE_DIR_PATH}/Podfile.lock",
				"${PODS_ROOT}/Manifest.lock",
			);
			name = "[CP] Check Pods Manifest.lock";
			outputPaths = (
				"$(DERIVED_FILE_DIR)/Pods-TalentIncubatorTests-checkManifestLockResult.txt",
			);
			runOnlyForDeploymentPostprocessing = 0;
			shellPath = /bin/sh;
			shellScript = "diff \"${PODS_PODFILE_DIR_PATH}/Podfile.lock\" \"${PODS_ROOT}/Manifest.lock\" > /dev/null\nif [ $? != 0 ] ; then\n    # print error to STDERR\n    echo \"error: The sandbox is not in sync with the Podfile.lock. Run 'pod install' or update your CocoaPods installation.\" >&2\n    exit 1\nfi\n# This output is used by Xcode 'outputs' to avoid re-running this script phase.\necho \"SUCCESS\" > \"${SCRIPT_OUTPUT_FILE_0}\"\n";
			showEnvVarsInLog = 0;
		};
		85A5060E363C12D2C9F34E6F /* [CP] Embed Pods Frameworks */ = {
			isa = PBXShellScriptBuildPhase;
			buildActionMask = 2147483647;
			files = (
			);
			inputPaths = (
				"${SRCROOT}/Pods/Target Support Files/Pods-TalentIncubator/Pods-TalentIncubator-frameworks.sh",
				"${BUILT_PRODUCTS_DIR}/Alamofire/Alamofire.framework",
				"${BUILT_PRODUCTS_DIR}/Moya/Moya.framework",
				"${BUILT_PRODUCTS_DIR}/ObjectMapper/ObjectMapper.framework",
				"${BUILT_PRODUCTS_DIR}/Result/Result.framework",
			);
			name = "[CP] Embed Pods Frameworks";
			outputPaths = (
				"${TARGET_BUILD_DIR}/${FRAMEWORKS_FOLDER_PATH}/Alamofire.framework",
				"${TARGET_BUILD_DIR}/${FRAMEWORKS_FOLDER_PATH}/Moya.framework",
				"${TARGET_BUILD_DIR}/${FRAMEWORKS_FOLDER_PATH}/ObjectMapper.framework",
				"${TARGET_BUILD_DIR}/${FRAMEWORKS_FOLDER_PATH}/Result.framework",
			);
			runOnlyForDeploymentPostprocessing = 0;
			shellPath = /bin/sh;
			shellScript = "\"${SRCROOT}/Pods/Target Support Files/Pods-TalentIncubator/Pods-TalentIncubator-frameworks.sh\"\n";
			showEnvVarsInLog = 0;
		};
		A4EE585B03BB7B5F7022BA21 /* [CP] Check Pods Manifest.lock */ = {
			isa = PBXShellScriptBuildPhase;
			buildActionMask = 2147483647;
			files = (
			);
			inputPaths = (
				"${PODS_PODFILE_DIR_PATH}/Podfile.lock",
				"${PODS_ROOT}/Manifest.lock",
			);
			name = "[CP] Check Pods Manifest.lock";
			outputPaths = (
				"$(DERIVED_FILE_DIR)/Pods-TalentIncubator-checkManifestLockResult.txt",
			);
			runOnlyForDeploymentPostprocessing = 0;
			shellPath = /bin/sh;
			shellScript = "diff \"${PODS_PODFILE_DIR_PATH}/Podfile.lock\" \"${PODS_ROOT}/Manifest.lock\" > /dev/null\nif [ $? != 0 ] ; then\n    # print error to STDERR\n    echo \"error: The sandbox is not in sync with the Podfile.lock. Run 'pod install' or update your CocoaPods installation.\" >&2\n    exit 1\nfi\n# This output is used by Xcode 'outputs' to avoid re-running this script phase.\necho \"SUCCESS\" > \"${SCRIPT_OUTPUT_FILE_0}\"\n";
			showEnvVarsInLog = 0;
		};
/* End PBXShellScriptBuildPhase section */

/* Begin PBXSourcesBuildPhase section */
		8EB7D44520C86881009AD0D1 /* Sources */ = {
			isa = PBXSourcesBuildPhase;
			buildActionMask = 2147483647;
			files = (
				8E2FE61020C8723B004419EF /* EventsRequest.swift in Sources */,
				8EB7D45520C86882009AD0D1 /* TalentIncubator.xcdatamodeld in Sources */,
				8E2FE60E20C86DE0004419EF /* Request.swift in Sources */,
				8EED267E20C87AFE00C80F78 /* VenueResponseModel.swift in Sources */,
				8EB7D44F20C86881009AD0D1 /* MapViewController.swift in Sources */,
				8EED267C20C879BE00C80F78 /* EventResponseModel.swift in Sources */,
				8EED268020C89B4800C80F78 /* EventRepository.swift in Sources */,
				8EB7D44D20C86881009AD0D1 /* AppDelegate.swift in Sources */,
				8EA8DD4520CAFE8E00C774C3 /* EventsViewModel.swift in Sources */,
			);
			runOnlyForDeploymentPostprocessing = 0;
		};
		8EB7D45C20C86883009AD0D1 /* Sources */ = {
			isa = PBXSourcesBuildPhase;
			buildActionMask = 2147483647;
			files = (
				8EB7D46520C86883009AD0D1 /* TalentIncubatorTests.swift in Sources */,
			);
			runOnlyForDeploymentPostprocessing = 0;
		};
/* End PBXSourcesBuildPhase section */

/* Begin PBXTargetDependency section */
		8EB7D46220C86883009AD0D1 /* PBXTargetDependency */ = {
			isa = PBXTargetDependency;
			target = 8EB7D44820C86881009AD0D1 /* TalentIncubator */;
			targetProxy = 8EB7D46120C86883009AD0D1 /* PBXContainerItemProxy */;
		};
/* End PBXTargetDependency section */

/* Begin PBXVariantGroup section */
		8EB7D45020C86881009AD0D1 /* Main.storyboard */ = {
			isa = PBXVariantGroup;
			children = (
				8EB7D45120C86881009AD0D1 /* Base */,
			);
			name = Main.storyboard;
			sourceTree = "<group>";
		};
		8EB7D45820C86882009AD0D1 /* LaunchScreen.storyboard */ = {
			isa = PBXVariantGroup;
			children = (
				8EB7D45920C86882009AD0D1 /* Base */,
			);
			name = LaunchScreen.storyboard;
			sourceTree = "<group>";
		};
/* End PBXVariantGroup section */

/* Begin XCBuildConfiguration section */
		8EB7D46720C86883009AD0D1 /* Debug */ = {
			isa = XCBuildConfiguration;
			buildSettings = {
				ALWAYS_SEARCH_USER_PATHS = NO;
				CLANG_ANALYZER_NONNULL = YES;
				CLANG_ANALYZER_NUMBER_OBJECT_CONVERSION = YES_AGGRESSIVE;
				CLANG_CXX_LANGUAGE_STANDARD = "gnu++14";
				CLANG_CXX_LIBRARY = "libc++";
				CLANG_ENABLE_MODULES = YES;
				CLANG_ENABLE_OBJC_ARC = YES;
				CLANG_ENABLE_OBJC_WEAK = YES;
				CLANG_WARN_BLOCK_CAPTURE_AUTORELEASING = YES;
				CLANG_WARN_BOOL_CONVERSION = YES;
				CLANG_WARN_COMMA = YES;
				CLANG_WARN_CONSTANT_CONVERSION = YES;
				CLANG_WARN_DEPRECATED_OBJC_IMPLEMENTATIONS = YES;
				CLANG_WARN_DIRECT_OBJC_ISA_USAGE = YES_ERROR;
				CLANG_WARN_DOCUMENTATION_COMMENTS = YES;
				CLANG_WARN_EMPTY_BODY = YES;
				CLANG_WARN_ENUM_CONVERSION = YES;
				CLANG_WARN_INFINITE_RECURSION = YES;
				CLANG_WARN_INT_CONVERSION = YES;
				CLANG_WARN_NON_LITERAL_NULL_CONVERSION = YES;
				CLANG_WARN_OBJC_IMPLICIT_RETAIN_SELF = YES;
				CLANG_WARN_OBJC_LITERAL_CONVERSION = YES;
				CLANG_WARN_OBJC_ROOT_CLASS = YES_ERROR;
				CLANG_WARN_RANGE_LOOP_ANALYSIS = YES;
				CLANG_WARN_STRICT_PROTOTYPES = YES;
				CLANG_WARN_SUSPICIOUS_MOVE = YES;
				CLANG_WARN_UNGUARDED_AVAILABILITY = YES_AGGRESSIVE;
				CLANG_WARN_UNREACHABLE_CODE = YES;
				CLANG_WARN__DUPLICATE_METHOD_MATCH = YES;
				CODE_SIGN_IDENTITY = "iPhone Developer";
				COPY_PHASE_STRIP = NO;
				DEBUG_INFORMATION_FORMAT = dwarf;
				ENABLE_STRICT_OBJC_MSGSEND = YES;
				ENABLE_TESTABILITY = YES;
				GCC_C_LANGUAGE_STANDARD = gnu11;
				GCC_DYNAMIC_NO_PIC = NO;
				GCC_NO_COMMON_BLOCKS = YES;
				GCC_OPTIMIZATION_LEVEL = 0;
				GCC_PREPROCESSOR_DEFINITIONS = (
					"DEBUG=1",
					"$(inherited)",
				);
				GCC_WARN_64_TO_32_BIT_CONVERSION = YES;
				GCC_WARN_ABOUT_RETURN_TYPE = YES_ERROR;
				GCC_WARN_UNDECLARED_SELECTOR = YES;
				GCC_WARN_UNINITIALIZED_AUTOS = YES_AGGRESSIVE;
				GCC_WARN_UNUSED_FUNCTION = YES;
				GCC_WARN_UNUSED_VARIABLE = YES;
				IPHONEOS_DEPLOYMENT_TARGET = 11.3;
				MTL_ENABLE_DEBUG_INFO = YES;
				ONLY_ACTIVE_ARCH = YES;
				SDKROOT = iphoneos;
				SWIFT_ACTIVE_COMPILATION_CONDITIONS = DEBUG;
				SWIFT_OPTIMIZATION_LEVEL = "-Onone";
			};
			name = Debug;
		};
		8EB7D46820C86883009AD0D1 /* Release */ = {
			isa = XCBuildConfiguration;
			buildSettings = {
				ALWAYS_SEARCH_USER_PATHS = NO;
				CLANG_ANALYZER_NONNULL = YES;
				CLANG_ANALYZER_NUMBER_OBJECT_CONVERSION = YES_AGGRESSIVE;
				CLANG_CXX_LANGUAGE_STANDARD = "gnu++14";
				CLANG_CXX_LIBRARY = "libc++";
				CLANG_ENABLE_MODULES = YES;
				CLANG_ENABLE_OBJC_ARC = YES;
				CLANG_ENABLE_OBJC_WEAK = YES;
				CLANG_WARN_BLOCK_CAPTURE_AUTORELEASING = YES;
				CLANG_WARN_BOOL_CONVERSION = YES;
				CLANG_WARN_COMMA = YES;
				CLANG_WARN_CONSTANT_CONVERSION = YES;
				CLANG_WARN_DEPRECATED_OBJC_IMPLEMENTATIONS = YES;
				CLANG_WARN_DIRECT_OBJC_ISA_USAGE = YES_ERROR;
				CLANG_WARN_DOCUMENTATION_COMMENTS = YES;
				CLANG_WARN_EMPTY_BODY = YES;
				CLANG_WARN_ENUM_CONVERSION = YES;
				CLANG_WARN_INFINITE_RECURSION = YES;
				CLANG_WARN_INT_CONVERSION = YES;
				CLANG_WARN_NON_LITERAL_NULL_CONVERSION = YES;
				CLANG_WARN_OBJC_IMPLICIT_RETAIN_SELF = YES;
				CLANG_WARN_OBJC_LITERAL_CONVERSION = YES;
				CLANG_WARN_OBJC_ROOT_CLASS = YES_ERROR;
				CLANG_WARN_RANGE_LOOP_ANALYSIS = YES;
				CLANG_WARN_STRICT_PROTOTYPES = YES;
				CLANG_WARN_SUSPICIOUS_MOVE = YES;
				CLANG_WARN_UNGUARDED_AVAILABILITY = YES_AGGRESSIVE;
				CLANG_WARN_UNREACHABLE_CODE = YES;
				CLANG_WARN__DUPLICATE_METHOD_MATCH = YES;
				CODE_SIGN_IDENTITY = "iPhone Developer";
				COPY_PHASE_STRIP = NO;
				DEBUG_INFORMATION_FORMAT = "dwarf-with-dsym";
				ENABLE_NS_ASSERTIONS = NO;
				ENABLE_STRICT_OBJC_MSGSEND = YES;
				GCC_C_LANGUAGE_STANDARD = gnu11;
				GCC_NO_COMMON_BLOCKS = YES;
				GCC_WARN_64_TO_32_BIT_CONVERSION = YES;
				GCC_WARN_ABOUT_RETURN_TYPE = YES_ERROR;
				GCC_WARN_UNDECLARED_SELECTOR = YES;
				GCC_WARN_UNINITIALIZED_AUTOS = YES_AGGRESSIVE;
				GCC_WARN_UNUSED_FUNCTION = YES;
				GCC_WARN_UNUSED_VARIABLE = YES;
				IPHONEOS_DEPLOYMENT_TARGET = 11.3;
				MTL_ENABLE_DEBUG_INFO = NO;
				SDKROOT = iphoneos;
				SWIFT_COMPILATION_MODE = wholemodule;
				SWIFT_OPTIMIZATION_LEVEL = "-O";
				VALIDATE_PRODUCT = YES;
			};
			name = Release;
		};
		8EB7D46A20C86883009AD0D1 /* Debug */ = {
			isa = XCBuildConfiguration;
			baseConfigurationReference = A728E4F232BE63884D0B5359 /* Pods-TalentIncubator.debug.xcconfig */;
			buildSettings = {
				ASSETCATALOG_COMPILER_APPICON_NAME = AppIcon;
				CODE_SIGN_STYLE = Automatic;
				DEVELOPMENT_TEAM = F3VV4SD4LV;
				INFOPLIST_FILE = TalentIncubator/Info.plist;
				LD_RUNPATH_SEARCH_PATHS = (
					"$(inherited)",
					"@executable_path/Frameworks",
				);
				PRODUCT_BUNDLE_IDENTIFIER = siker.space.TalentIncubator;
				PRODUCT_NAME = "$(TARGET_NAME)";
				SWIFT_VERSION = 4.0;
				TARGETED_DEVICE_FAMILY = "1,2";
			};
			name = Debug;
		};
		8EB7D46B20C86883009AD0D1 /* Release */ = {
			isa = XCBuildConfiguration;
			baseConfigurationReference = 6546A438FA30D5F13F33BF1F /* Pods-TalentIncubator.release.xcconfig */;
			buildSettings = {
				ASSETCATALOG_COMPILER_APPICON_NAME = AppIcon;
				CODE_SIGN_STYLE = Automatic;
				DEVELOPMENT_TEAM = F3VV4SD4LV;
				INFOPLIST_FILE = TalentIncubator/Info.plist;
				LD_RUNPATH_SEARCH_PATHS = (
					"$(inherited)",
					"@executable_path/Frameworks",
				);
				PRODUCT_BUNDLE_IDENTIFIER = siker.space.TalentIncubator;
				PRODUCT_NAME = "$(TARGET_NAME)";
				SWIFT_VERSION = 4.0;
				TARGETED_DEVICE_FAMILY = "1,2";
			};
			name = Release;
		};
		8EB7D46D20C86883009AD0D1 /* Debug */ = {
			isa = XCBuildConfiguration;
			baseConfigurationReference = 2DF25E897C31701F21BE35B2 /* Pods-TalentIncubatorTests.debug.xcconfig */;
			buildSettings = {
				ALWAYS_EMBED_SWIFT_STANDARD_LIBRARIES = YES;
				BUNDLE_LOADER = "$(TEST_HOST)";
				CODE_SIGN_STYLE = Automatic;
				INFOPLIST_FILE = TalentIncubatorTests/Info.plist;
				LD_RUNPATH_SEARCH_PATHS = (
					"$(inherited)",
					"@executable_path/Frameworks",
					"@loader_path/Frameworks",
				);
				PRODUCT_BUNDLE_IDENTIFIER = siker.space.TalentIncubatorTests;
				PRODUCT_NAME = "$(TARGET_NAME)";
				SWIFT_VERSION = 4.0;
				TARGETED_DEVICE_FAMILY = "1,2";
				TEST_HOST = "$(BUILT_PRODUCTS_DIR)/TalentIncubator.app/TalentIncubator";
			};
			name = Debug;
		};
		8EB7D46E20C86883009AD0D1 /* Release */ = {
			isa = XCBuildConfiguration;
			baseConfigurationReference = DA129BF0EBBDF7C77343BB81 /* Pods-TalentIncubatorTests.release.xcconfig */;
			buildSettings = {
				ALWAYS_EMBED_SWIFT_STANDARD_LIBRARIES = YES;
				BUNDLE_LOADER = "$(TEST_HOST)";
				CODE_SIGN_STYLE = Automatic;
				INFOPLIST_FILE = TalentIncubatorTests/Info.plist;
				LD_RUNPATH_SEARCH_PATHS = (
					"$(inherited)",
					"@executable_path/Frameworks",
					"@loader_path/Frameworks",
				);
				PRODUCT_BUNDLE_IDENTIFIER = siker.space.TalentIncubatorTests;
				PRODUCT_NAME = "$(TARGET_NAME)";
				SWIFT_VERSION = 4.0;
				TARGETED_DEVICE_FAMILY = "1,2";
				TEST_HOST = "$(BUILT_PRODUCTS_DIR)/TalentIncubator.app/TalentIncubator";
			};
			name = Release;
		};
/* End XCBuildConfiguration section */

/* Begin XCConfigurationList section */
		8EB7D44420C86881009AD0D1 /* Build configuration list for PBXProject "TalentIncubator" */ = {
			isa = XCConfigurationList;
			buildConfigurations = (
				8EB7D46720C86883009AD0D1 /* Debug */,
				8EB7D46820C86883009AD0D1 /* Release */,
			);
			defaultConfigurationIsVisible = 0;
			defaultConfigurationName = Release;
		};
		8EB7D46920C86883009AD0D1 /* Build configuration list for PBXNativeTarget "TalentIncubator" */ = {
			isa = XCConfigurationList;
			buildConfigurations = (
				8EB7D46A20C86883009AD0D1 /* Debug */,
				8EB7D46B20C86883009AD0D1 /* Release */,
			);
			defaultConfigurationIsVisible = 0;
			defaultConfigurationName = Release;
		};
		8EB7D46C20C86883009AD0D1 /* Build configuration list for PBXNativeTarget "TalentIncubatorTests" */ = {
			isa = XCConfigurationList;
			buildConfigurations = (
				8EB7D46D20C86883009AD0D1 /* Debug */,
				8EB7D46E20C86883009AD0D1 /* Release */,
			);
			defaultConfigurationIsVisible = 0;
			defaultConfigurationName = Release;
		};
/* End XCConfigurationList section */

/* Begin XCVersionGroup section */
		8EB7D45320C86882009AD0D1 /* TalentIncubator.xcdatamodeld */ = {
			isa = XCVersionGroup;
			children = (
				8EB7D45420C86882009AD0D1 /* TalentIncubator.xcdatamodel */,
			);
			currentVersion = 8EB7D45420C86882009AD0D1 /* TalentIncubator.xcdatamodel */;
			path = TalentIncubator.xcdatamodeld;
			sourceTree = "<group>";
			versionGroupType = wrapper.xcdatamodel;
		};
/* End XCVersionGroup section */
	};
	rootObject = 8EB7D44120C86881009AD0D1 /* Project object */;
}
